// !$*UTF8*$!
{
	archiveVersion = 1;
	classes = {
	};
	objectVersion = 47;
	objects = {

/* Begin PBXBuildFile section */
		B12A1BF51BD8F2C00035A001 /* Product.swift in Sources */ = {isa = PBXBuildFile; fileRef = B12A1BF41BD8F2C00035A001 /* Product.swift */; };
		B12A1BF71BD8F8700035A001 /* libncurses.tbd in Frameworks */ = {isa = PBXBuildFile; fileRef = B12A1BF61BD8F8700035A001 /* libncurses.tbd */; };
		B18AEBC51C00E13F0062CE8D /* UI.swift in Sources */ = {isa = PBXBuildFile; fileRef = B18AEBC41C00E13F0062CE8D /* UI.swift */; };
		B18AEBC71C00E1900062CE8D /* Util.swift in Sources */ = {isa = PBXBuildFile; fileRef = B18AEBC61C00E1900062CE8D /* Util.swift */; };
		B18AEBC91C00F2CC0062CE8D /* cursesUI.swift in Sources */ = {isa = PBXBuildFile; fileRef = B18AEBC81C00F2CC0062CE8D /* cursesUI.swift */; };
		B1DE8D811BD78EDB00786F90 /* main.swift in Sources */ = {isa = PBXBuildFile; fileRef = B1DE8D801BD78EDB00786F90 /* main.swift */; };
		B1DE8D881BD7A3AD00786F90 /* Shop.swift in Sources */ = {isa = PBXBuildFile; fileRef = B1DE8D871BD7A3AD00786F90 /* Shop.swift */; };
		B1DE8D8A1BD7AD5200786F90 /* Customer.swift in Sources */ = {isa = PBXBuildFile; fileRef = B1DE8D891BD7AD5200786F90 /* Customer.swift */; };
		B1DE8D8C1BD7AD9200786F90 /* Chart.swift in Sources */ = {isa = PBXBuildFile; fileRef = B1DE8D8B1BD7AD9200786F90 /* Chart.swift */; };
		B1DE8D8E1BD7ADB400786F90 /* Paydesk.swift in Sources */ = {isa = PBXBuildFile; fileRef = B1DE8D8D1BD7ADB400786F90 /* Paydesk.swift */; };
		B1DE8D901BD7ADC500786F90 /* Warehouse.swift in Sources */ = {isa = PBXBuildFile; fileRef = B1DE8D8F1BD7ADC500786F90 /* Warehouse.swift */; };
		B1DE8D921BD7ADE800786F90 /* Simulation.swift in Sources */ = {isa = PBXBuildFile; fileRef = B1DE8D911BD7ADE800786F90 /* Simulation.swift */; };
/* End PBXBuildFile section */

/* Begin PBXCopyFilesBuildPhase section */
		B1DE8D7B1BD78EDA00786F90 /* CopyFiles */ = {
			isa = PBXCopyFilesBuildPhase;
			buildActionMask = 2147483647;
			dstPath = /usr/share/man/man1/;
			dstSubfolderSpec = 0;
			files = (
			);
			runOnlyForDeploymentPostprocessing = 1;
		};
/* End PBXCopyFilesBuildPhase section */

/* Begin PBXFileReference section */
		B12A1BF41BD8F2C00035A001 /* Product.swift */ = {isa = PBXFileReference; fileEncoding = 4; lastKnownFileType = sourcecode.swift; path = Product.swift; sourceTree = "<group>"; };
		B12A1BF61BD8F8700035A001 /* libncurses.tbd */ = {isa = PBXFileReference; lastKnownFileType = "sourcecode.text-based-dylib-definition"; name = libncurses.tbd; path = usr/lib/libncurses.tbd; sourceTree = SDKROOT; };
		B12A1BF81BD95DCF0035A001 /* README.md */ = {isa = PBXFileReference; fileEncoding = 4; lastKnownFileType = net.daringfireball.markdown; path = README.md; sourceTree = "<group>"; };
		B18AEBC41C00E13F0062CE8D /* UI.swift */ = {isa = PBXFileReference; fileEncoding = 4; lastKnownFileType = sourcecode.swift; path = UI.swift; sourceTree = "<group>"; };
		B18AEBC61C00E1900062CE8D /* Util.swift */ = {isa = PBXFileReference; fileEncoding = 4; lastKnownFileType = sourcecode.swift; path = Util.swift; sourceTree = "<group>"; };
		B18AEBC81C00F2CC0062CE8D /* cursesUI.swift */ = {isa = PBXFileReference; fileEncoding = 4; lastKnownFileType = sourcecode.swift; path = cursesUI.swift; sourceTree = "<group>"; };
		B1DE8D7D1BD78EDA00786F90 /* ShopSimulation */ = {isa = PBXFileReference; explicitFileType = "compiled.mach-o.executable"; includeInIndex = 0; path = ShopSimulation; sourceTree = BUILT_PRODUCTS_DIR; };
		B1DE8D801BD78EDB00786F90 /* main.swift */ = {isa = PBXFileReference; lastKnownFileType = sourcecode.swift; path = main.swift; sourceTree = "<group>"; };
		B1DE8D871BD7A3AD00786F90 /* Shop.swift */ = {isa = PBXFileReference; fileEncoding = 4; lastKnownFileType = sourcecode.swift; path = Shop.swift; sourceTree = "<group>"; };
		B1DE8D891BD7AD5200786F90 /* Customer.swift */ = {isa = PBXFileReference; fileEncoding = 4; lastKnownFileType = sourcecode.swift; path = Customer.swift; sourceTree = "<group>"; };
		B1DE8D8B1BD7AD9200786F90 /* Chart.swift */ = {isa = PBXFileReference; fileEncoding = 4; lastKnownFileType = sourcecode.swift; path = Chart.swift; sourceTree = "<group>"; };
		B1DE8D8D1BD7ADB400786F90 /* Paydesk.swift */ = {isa = PBXFileReference; fileEncoding = 4; lastKnownFileType = sourcecode.swift; path = Paydesk.swift; sourceTree = "<group>"; };
		B1DE8D8F1BD7ADC500786F90 /* Warehouse.swift */ = {isa = PBXFileReference; fileEncoding = 4; lastKnownFileType = sourcecode.swift; path = Warehouse.swift; sourceTree = "<group>"; };
		B1DE8D911BD7ADE800786F90 /* Simulation.swift */ = {isa = PBXFileReference; fileEncoding = 4; lastKnownFileType = sourcecode.swift; path = Simulation.swift; sourceTree = "<group>"; };
/* End PBXFileReference section */

/* Begin PBXFrameworksBuildPhase section */
		B1DE8D7A1BD78EDA00786F90 /* Frameworks */ = {
			isa = PBXFrameworksBuildPhase;
			buildActionMask = 2147483647;
			files = (
				B12A1BF71BD8F8700035A001 /* libncurses.tbd in Frameworks */,
			);
			runOnlyForDeploymentPostprocessing = 0;
		};
/* End PBXFrameworksBuildPhase section */

/* Begin PBXGroup section */
		B1DE8D741BD78EDA00786F90 = {
			isa = PBXGroup;
			children = (
				B12A1BF81BD95DCF0035A001 /* README.md */,
				B12A1BF61BD8F8700035A001 /* libncurses.tbd */,
				B1DE8D7F1BD78EDA00786F90 /* ShopSimulation */,
				B1DE8D7E1BD78EDA00786F90 /* Products */,
			);
			sourceTree = "<group>";
		};
		B1DE8D7E1BD78EDA00786F90 /* Products */ = {
			isa = PBXGroup;
			children = (
				B1DE8D7D1BD78EDA00786F90 /* ShopSimulation */,
			);
			name = Products;
			sourceTree = "<group>";
		};
		B1DE8D7F1BD78EDA00786F90 /* ShopSimulation */ = {
			isa = PBXGroup;
			children = (
				B1DE8D801BD78EDB00786F90 /* main.swift */,
				B1DE8D871BD7A3AD00786F90 /* Shop.swift */,
				B1DE8D891BD7AD5200786F90 /* Customer.swift */,
				B1DE8D8B1BD7AD9200786F90 /* Chart.swift */,
				B1DE8D8D1BD7ADB400786F90 /* Paydesk.swift */,
				B1DE8D8F1BD7ADC500786F90 /* Warehouse.swift */,
				B1DE8D911BD7ADE800786F90 /* Simulation.swift */,
				B12A1BF41BD8F2C00035A001 /* Product.swift */,
				B18AEBC41C00E13F0062CE8D /* UI.swift */,
				B18AEBC61C00E1900062CE8D /* Util.swift */,
				B18AEBC81C00F2CC0062CE8D /* cursesUI.swift */,
			);
			path = ShopSimulation;
			sourceTree = "<group>";
		};
/* End PBXGroup section */

/* Begin PBXNativeTarget section */
		B1DE8D7C1BD78EDA00786F90 /* ShopSimulation */ = {
			isa = PBXNativeTarget;
			buildConfigurationList = B1DE8D841BD78EDB00786F90 /* Build configuration list for PBXNativeTarget "ShopSimulation" */;
			buildPhases = (
				B1DE8D791BD78EDA00786F90 /* Sources */,
				B1DE8D7A1BD78EDA00786F90 /* Frameworks */,
				B1DE8D7B1BD78EDA00786F90 /* CopyFiles */,
			);
			buildRules = (
			);
			dependencies = (
			);
			name = ShopSimulation;
			productName = ShopSimulation;
			productReference = B1DE8D7D1BD78EDA00786F90 /* ShopSimulation */;
			productType = "com.apple.product-type.tool";
		};
/* End PBXNativeTarget section */

/* Begin PBXProject section */
		B1DE8D751BD78EDA00786F90 /* Project object */ = {
			isa = PBXProject;
			attributes = {
				LastUpgradeCheck = 0700;
				ORGANIZATIONNAME = "Guy Van Overtveldt";
				TargetAttributes = {
					B1DE8D7C1BD78EDA00786F90 = {
						CreatedOnToolsVersion = 7.0.1;
					};
				};
			};
			buildConfigurationList = B1DE8D781BD78EDA00786F90 /* Build configuration list for PBXProject "ShopSimulation" */;
			compatibilityVersion = "Xcode 6.3";
			developmentRegion = English;
			hasScannedForEncodings = 0;
			knownRegions = (
				en,
			);
			mainGroup = B1DE8D741BD78EDA00786F90;
			productRefGroup = B1DE8D7E1BD78EDA00786F90 /* Products */;
			projectDirPath = "";
			projectRoot = "";
			targets = (
				B1DE8D7C1BD78EDA00786F90 /* ShopSimulation */,
			);
		};
/* End PBXProject section */

/* Begin PBXSourcesBuildPhase section */
		B1DE8D791BD78EDA00786F90 /* Sources */ = {
			isa = PBXSourcesBuildPhase;
			buildActionMask = 2147483647;
			files = (
				B18AEBC71C00E1900062CE8D /* Util.swift in Sources */,
				B1DE8D8C1BD7AD9200786F90 /* Chart.swift in Sources */,
				B12A1BF51BD8F2C00035A001 /* Product.swift in Sources */,
				B1DE8D901BD7ADC500786F90 /* Warehouse.swift in Sources */,
				B18AEBC91C00F2CC0062CE8D /* cursesUI.swift in Sources */,
				B18AEBC51C00E13F0062CE8D /* UI.swift in Sources */,
				B1DE8D8A1BD7AD5200786F90 /* Customer.swift in Sources */,
				B1DE8D8E1BD7ADB400786F90 /* Paydesk.swift in Sources */,
				B1DE8D921BD7ADE800786F90 /* Simulation.swift in Sources */,
				B1DE8D811BD78EDB00786F90 /* main.swift in Sources */,
				B1DE8D881BD7A3AD00786F90 /* Shop.swift in Sources */,
			);
			runOnlyForDeploymentPostprocessing = 0;
		};
/* End PBXSourcesBuildPhase section */

/* Begin XCBuildConfiguration section */
		B1DE8D821BD78EDB00786F90 /* Debug */ = {
			isa = XCBuildConfiguration;
			buildSettings = {
				ALWAYS_SEARCH_USER_PATHS = NO;
				CLANG_CXX_LANGUAGE_STANDARD = "gnu++0x";
				CLANG_CXX_LIBRARY = "libc++";
				CLANG_ENABLE_MODULES = YES;
				CLANG_ENABLE_OBJC_ARC = YES;
				CLANG_WARN_BOOL_CONVERSION = YES;
				CLANG_WARN_CONSTANT_CONVERSION = YES;
				CLANG_WARN_DIRECT_OBJC_ISA_USAGE = YES_ERROR;
				CLANG_WARN_EMPTY_BODY = YES;
				CLANG_WARN_ENUM_CONVERSION = YES;
				CLANG_WARN_INT_CONVERSION = YES;
				CLANG_WARN_OBJC_ROOT_CLASS = YES_ERROR;
				CLANG_WARN_UNREACHABLE_CODE = YES;
				CLANG_WARN__DUPLICATE_METHOD_MATCH = YES;
				COPY_PHASE_STRIP = NO;
				DEBUG_INFORMATION_FORMAT = dwarf;
				ENABLE_STRICT_OBJC_MSGSEND = YES;
				ENABLE_TESTABILITY = YES;
				GCC_C_LANGUAGE_STANDARD = gnu99;
				GCC_DYNAMIC_NO_PIC = NO;
				GCC_NO_COMMON_BLOCKS = YES;
				GCC_OPTIMIZATION_LEVEL = 0;
				GCC_PREPROCESSOR_DEFINITIONS = (
					"DEBUG=1",
					"$(inherited)",
				);
				GCC_WARN_64_TO_32_BIT_CONVERSION = YES;
				GCC_WARN_ABOUT_RETURN_TYPE = YES_ERROR;
				GCC_WARN_UNDECLARED_SELECTOR = YES;
				GCC_WARN_UNINITIALIZED_AUTOS = YES_AGGRESSIVE;
				GCC_WARN_UNUSED_FUNCTION = YES;
				GCC_WARN_UNUSED_VARIABLE = YES;
				MACOSX_DEPLOYMENT_TARGET = 10.11;
				MTL_ENABLE_DEBUG_INFO = YES;
				ONLY_ACTIVE_ARCH = YES;
				SDKROOT = macosx;
				SWIFT_OPTIMIZATION_LEVEL = "-Onone";
			};
			name = Debug;
		};
		B1DE8D831BD78EDB00786F90 /* Release */ = {
			isa = XCBuildConfiguration;
			buildSettings = {
				ALWAYS_SEARCH_USER_PATHS = NO;
				CLANG_CXX_LANGUAGE_STANDARD = "gnu++0x";
				CLANG_CXX_LIBRARY = "libc++";
				CLANG_ENABLE_MODULES = YES;
				CLANG_ENABLE_OBJC_ARC = YES;
				CLANG_WARN_BOOL_CONVERSION = YES;
				CLANG_WARN_CONSTANT_CONVERSION = YES;
				CLANG_WARN_DIRECT_OBJC_ISA_USAGE = YES_ERROR;
				CLANG_WARN_EMPTY_BODY = YES;
				CLANG_WARN_ENUM_CONVERSION = YES;
				CLANG_WARN_INT_CONVERSION = YES;
				CLANG_WARN_OBJC_ROOT_CLASS = YES_ERROR;
				CLANG_WARN_UNREACHABLE_CODE = YES;
				CLANG_WARN__DUPLICATE_METHOD_MATCH = YES;
				COPY_PHASE_STRIP = NO;
				DEBUG_INFORMATION_FORMAT = "dwarf-with-dsym";
				ENABLE_NS_ASSERTIONS = NO;
				ENABLE_STRICT_OBJC_MSGSEND = YES;
				GCC_C_LANGUAGE_STANDARD = gnu99;
				GCC_NO_COMMON_BLOCKS = YES;
				GCC_WARN_64_TO_32_BIT_CONVERSION = YES;
				GCC_WARN_ABOUT_RETURN_TYPE = YES_ERROR;
				GCC_WARN_UNDECLARED_SELECTOR = YES;
				GCC_WARN_UNINITIALIZED_AUTOS = YES_AGGRESSIVE;
				GCC_WARN_UNUSED_FUNCTION = YES;
				GCC_WARN_UNUSED_VARIABLE = YES;
				MACOSX_DEPLOYMENT_TARGET = 10.11;
				MTL_ENABLE_DEBUG_INFO = NO;
				SDKROOT = macosx;
			};
			name = Release;
		};
		B1DE8D851BD78EDB00786F90 /* Debug */ = {
			isa = XCBuildConfiguration;
			buildSettings = {
				PRODUCT_NAME = "$(TARGET_NAME)";
			};
			name = Debug;
		};
		B1DE8D861BD78EDB00786F90 /* Release */ = {
			isa = XCBuildConfiguration;
			buildSettings = {
				PRODUCT_NAME = "$(TARGET_NAME)";
			};
			name = Release;
		};
/* End XCBuildConfiguration section */

/* Begin XCConfigurationList section */
		B1DE8D781BD78EDA00786F90 /* Build configuration list for PBXProject "ShopSimulation" */ = {
			isa = XCConfigurationList;
			buildConfigurations = (
				B1DE8D821BD78EDB00786F90 /* Debug */,
				B1DE8D831BD78EDB00786F90 /* Release */,
			);
			defaultConfigurationIsVisible = 0;
			defaultConfigurationName = Release;
		};
		B1DE8D841BD78EDB00786F90 /* Build configuration list for PBXNativeTarget "ShopSimulation" */ = {
			isa = XCConfigurationList;
			buildConfigurations = (
				B1DE8D851BD78EDB00786F90 /* Debug */,
				B1DE8D861BD78EDB00786F90 /* Release */,
			);
			defaultConfigurationIsVisible = 0;
			defaultConfigurationName = Release;
		};
/* End XCConfigurationList section */
	};
	rootObject = B1DE8D751BD78EDA00786F90 /* Project object */;
}
